
Microsoft Visual Studio Solution File, Format Version 12.00
# Visual Studio Version 17
VisualStudioVersion = 17.10.35027.167
MinimumVisualStudioVersion = 10.0.40219.1
Project("{FAE04EC0-301F-11D3-BF4B-00C04F79EFBC}") = "Control_de_Migracion_VS", "Control_de_Migracion_VS\Control_de_Migracion_VS.csproj", "{5CC306E5-089D-4499-95F2-8C5E85252549}"
EndProject
Global
	GlobalSection(SolutionConfigurationPlatforms) = preSolution
		Debug|Any CPU = Debug|Any CPU
		Release|Any CPU = Release|Any CPU
	EndGlobalSection
	GlobalSection(ProjectConfigurationPlatforms) = postSolution
		{5CC306E5-089D-4499-95F2-8C5E85252549}.Debug|Any CPU.ActiveCfg = Debug|Any CPU
		{5CC306E5-089D-4499-95F2-8C5E85252549}.Debug|Any CPU.Build.0 = Debug|Any CPU
		{5CC306E5-089D-4499-95F2-8C5E85252549}.Release|Any CPU.ActiveCfg = Release|Any CPU
		{5CC306E5-089D-4499-95F2-8C5E85252549}.Release|Any CPU.Build.0 = Release|Any CPU
	EndGlobalSection
	GlobalSection(SolutionProperties) = preSolution
		HideSolutionNode = FALSE
	EndGlobalSection
	GlobalSection(ExtensibilityGlobals) = postSolution
		SolutionGuid = {7EB391DB-7FDD-4F00-85D9-A11FA4F9358E}
	EndGlobalSection
EndGlobal
